
Microsoft Visual Studio Solution File, Format Version 12.00
# Visual Studio Version 17
VisualStudioVersion = 17.5.002.0
MinimumVisualStudioVersion = 10.0.40219.1
Project("{9A19103F-16F7-4668-BE54-9A1E7A4F7556}") = "FrontEnd", "FrontEnd\FrontEnd.csproj", "{95C5BE52-7FE3-460F-8062-58865FCE4134}"
EndProject
Global
	GlobalSection(SolutionConfigurationPlatforms) = preSolution
		Debug|Any CPU = Debug|Any CPU
		Release|Any CPU = Release|Any CPU
	EndGlobalSection
	GlobalSection(ProjectConfigurationPlatforms) = postSolution
		{95C5BE52-7FE3-460F-8062-58865FCE4134}.Debug|Any CPU.ActiveCfg = Debug|Any CPU
		{95C5BE52-7FE3-460F-8062-58865FCE4134}.Debug|Any CPU.Build.0 = Debug|Any CPU
		{95C5BE52-7FE3-460F-8062-58865FCE4134}.Release|Any CPU.ActiveCfg = Release|Any CPU
		{95C5BE52-7FE3-460F-8062-58865FCE4134}.Release|Any CPU.Build.0 = Release|Any CPU
	EndGlobalSection
	GlobalSection(SolutionProperties) = preSolution
		HideSolutionNode = FALSE
	EndGlobalSection
	GlobalSection(ExtensibilityGlobals) = postSolution
		SolutionGuid = {2EF250D6-5790-4070-B18F-398D01A6E200}
	EndGlobalSection
EndGlobal
